// !$*UTF8*$!
{
	archiveVersion = 1;
	classes = {
	};
	objectVersion = 50;
	objects = {

/* Begin PBXBuildFile section */
		4B2B5D6E20FE8B1B00F5B673 /* main.cc in Sources */ = {isa = PBXBuildFile; fileRef = 4B2B5D6D20FE8B1B00F5B673 /* main.cc */; };
		4B2B5D7620FE968D00F5B673 /* grid.cc in Sources */ = {isa = PBXBuildFile; fileRef = 4B2B5D7420FE968D00F5B673 /* grid.cc */; };
		4B2B5D7920FE969A00F5B673 /* textdisplay.cc in Sources */ = {isa = PBXBuildFile; fileRef = 4B2B5D7720FE969A00F5B673 /* textdisplay.cc */; };
		4B2B5D7C20FE96C700F5B673 /* cell.cc in Sources */ = {isa = PBXBuildFile; fileRef = 4B2B5D7A20FE96C700F5B673 /* cell.cc */; };
		4B2B5D8120FEBA2200F5B673 /* floorcell.cc in Sources */ = {isa = PBXBuildFile; fileRef = 4B2B5D8020FEBA2200F5B673 /* floorcell.cc */; };
		4B2B5D8420FEBB6300F5B673 /* nullcell.cc in Sources */ = {isa = PBXBuildFile; fileRef = 4B2B5D8320FEBB6300F5B673 /* nullcell.cc */; };
		4B2B5D8620FEBD2B00F5B673 /* doorcell.cc in Sources */ = {isa = PBXBuildFile; fileRef = 4B2B5D8520FEBD2B00F5B673 /* doorcell.cc */; };
		4B2B5D8920FEC1D200F5B673 /* bridge.cc in Sources */ = {isa = PBXBuildFile; fileRef = 4B2B5D8820FEC1D200F5B673 /* bridge.cc */; };
		4B2B5D8F20FFD80B00F5B673 /* item.cc in Sources */ = {isa = PBXBuildFile; fileRef = 4B2B5D8E20FFD80B00F5B673 /* item.cc */; };
		4B53F1B820FFE96300736E14 /* chamber.cc in Sources */ = {isa = PBXBuildFile; fileRef = 4B53F1B620FFE96300736E14 /* chamber.cc */; };
		4B53F1BA21000FB800736E14 /* character.cc in Sources */ = {isa = PBXBuildFile; fileRef = 4B53F1B921000FB800736E14 /* character.cc */; };
		4B53F1C22100105B00736E14 /* shade.cc in Sources */ = {isa = PBXBuildFile; fileRef = 4B53F1BD2100105A00736E14 /* shade.cc */; };
		4B53F1C421018C8200736E14 /* enemy.cc in Sources */ = {isa = PBXBuildFile; fileRef = 4B53F1C321018C8200736E14 /* enemy.cc */; };
		4B53F1C721018CF900736E14 /* dwarf.cc in Sources */ = {isa = PBXBuildFile; fileRef = 4B53F1C521018CF900736E14 /* dwarf.cc */; };
		4B53F1CA2102A26000736E14 /* object.cc in Sources */ = {isa = PBXBuildFile; fileRef = 4B53F1C92102A26000736E14 /* object.cc */; };
		4B53F1CD2104406700736E14 /* factory.cc in Sources */ = {isa = PBXBuildFile; fileRef = 4B53F1CB2104406700736E14 /* factory.cc */; };
		4B53F1D02104E20900736E14 /* potion.cc in Sources */ = {isa = PBXBuildFile; fileRef = 4B53F1CF2104E20900736E14 /* potion.cc */; };
		4BCE7AF621052EEE00B2532A /* resHP.cc in Sources */ = {isa = PBXBuildFile; fileRef = 4BCE7AEB21052EED00B2532A /* resHP.cc */; };
		4BCE7AF721052EEE00B2532A /* vampire.cc in Sources */ = {isa = PBXBuildFile; fileRef = 4BCE7AF021052EED00B2532A /* vampire.cc */; };
		4BCE7AF821052EEE00B2532A /* elf.cc in Sources */ = {isa = PBXBuildFile; fileRef = 4BCE7AF121052EED00B2532A /* elf.cc */; };
		4BCE7AF921052EEE00B2532A /* halfling.cc in Sources */ = {isa = PBXBuildFile; fileRef = 4BCE7AF221052EEE00B2532A /* halfling.cc */; };
		4BCE7AFA21052EEE00B2532A /* human.cc in Sources */ = {isa = PBXBuildFile; fileRef = 4BCE7AF421052EEE00B2532A /* human.cc */; };
		4BCE7AFB21052EEE00B2532A /* orc.cc in Sources */ = {isa = PBXBuildFile; fileRef = 4BCE7AF521052EEE00B2532A /* orc.cc */; };
/* End PBXBuildFile section */

/* Begin PBXCopyFilesBuildPhase section */
		4B2B5D6820FE8B1B00F5B673 /* CopyFiles */ = {
			isa = PBXCopyFilesBuildPhase;
			buildActionMask = 2147483647;
			dstPath = /usr/share/man/man1/;
			dstSubfolderSpec = 0;
			files = (
			);
			runOnlyForDeploymentPostprocessing = 1;
		};
/* End PBXCopyFilesBuildPhase section */

/* Begin PBXFileReference section */
		4B2B5D6A20FE8B1B00F5B673 /* CC3K */ = {isa = PBXFileReference; explicitFileType = "compiled.mach-o.executable"; includeInIndex = 0; path = CC3K; sourceTree = BUILT_PRODUCTS_DIR; };
		4B2B5D6D20FE8B1B00F5B673 /* main.cc */ = {isa = PBXFileReference; lastKnownFileType = sourcecode.cpp.cpp; path = main.cc; sourceTree = "<group>"; };
		4B2B5D7420FE968D00F5B673 /* grid.cc */ = {isa = PBXFileReference; lastKnownFileType = sourcecode.cpp.cpp; path = grid.cc; sourceTree = "<group>"; };
		4B2B5D7520FE968D00F5B673 /* grid.h */ = {isa = PBXFileReference; lastKnownFileType = sourcecode.c.h; path = grid.h; sourceTree = "<group>"; };
		4B2B5D7720FE969A00F5B673 /* textdisplay.cc */ = {isa = PBXFileReference; lastKnownFileType = sourcecode.cpp.cpp; path = textdisplay.cc; sourceTree = "<group>"; };
		4B2B5D7820FE969A00F5B673 /* textdisplay.h */ = {isa = PBXFileReference; lastKnownFileType = sourcecode.c.h; path = textdisplay.h; sourceTree = "<group>"; };
		4B2B5D7A20FE96C700F5B673 /* cell.cc */ = {isa = PBXFileReference; lastKnownFileType = sourcecode.cpp.cpp; path = cell.cc; sourceTree = "<group>"; };
		4B2B5D7B20FE96C700F5B673 /* cell.h */ = {isa = PBXFileReference; lastKnownFileType = sourcecode.c.h; path = cell.h; sourceTree = "<group>"; };
		4B2B5D7D20FE9B6900F5B673 /* cc3k_emptyfloor.txt */ = {isa = PBXFileReference; lastKnownFileType = text; path = cc3k_emptyfloor.txt; sourceTree = "<group>"; };
		4B2B5D7E20FEBA2200F5B673 /* floorcell.h */ = {isa = PBXFileReference; fileEncoding = 4; lastKnownFileType = sourcecode.c.h; path = floorcell.h; sourceTree = "<group>"; };
		4B2B5D7F20FEBA2200F5B673 /* doorcell.h */ = {isa = PBXFileReference; fileEncoding = 4; lastKnownFileType = sourcecode.c.h; path = doorcell.h; sourceTree = "<group>"; };
		4B2B5D8020FEBA2200F5B673 /* floorcell.cc */ = {isa = PBXFileReference; fileEncoding = 4; lastKnownFileType = sourcecode.cpp.cpp; path = floorcell.cc; sourceTree = "<group>"; };
		4B2B5D8220FEBB6300F5B673 /* nullcell.h */ = {isa = PBXFileReference; fileEncoding = 4; lastKnownFileType = sourcecode.c.h; path = nullcell.h; sourceTree = "<group>"; };
		4B2B5D8320FEBB6300F5B673 /* nullcell.cc */ = {isa = PBXFileReference; fileEncoding = 4; lastKnownFileType = sourcecode.cpp.cpp; path = nullcell.cc; sourceTree = "<group>"; };
		4B2B5D8520FEBD2B00F5B673 /* doorcell.cc */ = {isa = PBXFileReference; fileEncoding = 4; lastKnownFileType = sourcecode.cpp.cpp; path = doorcell.cc; sourceTree = "<group>"; };
		4B2B5D8720FEC1D200F5B673 /* bridge.h */ = {isa = PBXFileReference; fileEncoding = 4; lastKnownFileType = sourcecode.c.h; path = bridge.h; sourceTree = "<group>"; };
		4B2B5D8820FEC1D200F5B673 /* bridge.cc */ = {isa = PBXFileReference; fileEncoding = 4; lastKnownFileType = sourcecode.cpp.cpp; path = bridge.cc; sourceTree = "<group>"; };
		4B2B5D8B20FFD7A000F5B673 /* character.h */ = {isa = PBXFileReference; lastKnownFileType = sourcecode.c.h; path = character.h; sourceTree = "<group>"; };
		4B2B5D8D20FFD7F300F5B673 /* item.h */ = {isa = PBXFileReference; fileEncoding = 4; lastKnownFileType = sourcecode.c.h; path = item.h; sourceTree = "<group>"; };
		4B2B5D8E20FFD80B00F5B673 /* item.cc */ = {isa = PBXFileReference; fileEncoding = 4; lastKnownFileType = sourcecode.cpp.cpp; path = item.cc; sourceTree = "<group>"; };
		4B53F1B620FFE96300736E14 /* chamber.cc */ = {isa = PBXFileReference; fileEncoding = 4; lastKnownFileType = sourcecode.cpp.cpp; path = chamber.cc; sourceTree = "<group>"; };
		4B53F1B720FFE96300736E14 /* chamber.h */ = {isa = PBXFileReference; fileEncoding = 4; lastKnownFileType = sourcecode.c.h; path = chamber.h; sourceTree = "<group>"; };
		4B53F1B921000FB800736E14 /* character.cc */ = {isa = PBXFileReference; lastKnownFileType = sourcecode.cpp.cpp; path = character.cc; sourceTree = "<group>"; };
		4B53F1BB2100105A00736E14 /* enemy.h */ = {isa = PBXFileReference; fileEncoding = 4; lastKnownFileType = sourcecode.c.h; path = enemy.h; sourceTree = "<group>"; };
		4B53F1BC2100105A00736E14 /* object.h */ = {isa = PBXFileReference; fileEncoding = 4; lastKnownFileType = sourcecode.c.h; path = object.h; sourceTree = "<group>"; };
		4B53F1BD2100105A00736E14 /* shade.cc */ = {isa = PBXFileReference; fileEncoding = 4; lastKnownFileType = sourcecode.cpp.cpp; path = shade.cc; sourceTree = "<group>"; };
		4B53F1BE2100105A00736E14 /* potion.h */ = {isa = PBXFileReference; fileEncoding = 4; lastKnownFileType = sourcecode.c.h; path = potion.h; sourceTree = "<group>"; };
		4B53F1BF2100105B00736E14 /* shade.h */ = {isa = PBXFileReference; fileEncoding = 4; lastKnownFileType = sourcecode.c.h; path = shade.h; sourceTree = "<group>"; };
		4B53F1C02100105B00736E14 /* Todo */ = {isa = PBXFileReference; fileEncoding = 4; lastKnownFileType = text; path = Todo; sourceTree = "<group>"; };
		4B53F1C12100105B00736E14 /* player.h */ = {isa = PBXFileReference; fileEncoding = 4; lastKnownFileType = sourcecode.c.h; path = player.h; sourceTree = "<group>"; };
		4B53F1C321018C8200736E14 /* enemy.cc */ = {isa = PBXFileReference; lastKnownFileType = sourcecode.cpp.cpp; path = enemy.cc; sourceTree = "<group>"; };
		4B53F1C521018CF900736E14 /* dwarf.cc */ = {isa = PBXFileReference; lastKnownFileType = sourcecode.cpp.cpp; path = dwarf.cc; sourceTree = "<group>"; };
		4B53F1C621018CF900736E14 /* dwarf.h */ = {isa = PBXFileReference; lastKnownFileType = sourcecode.c.h; path = dwarf.h; sourceTree = "<group>"; };
		4B53F1C821018EE300736E14 /* info.h */ = {isa = PBXFileReference; lastKnownFileType = sourcecode.c.h; path = info.h; sourceTree = "<group>"; };
		4B53F1C92102A26000736E14 /* object.cc */ = {isa = PBXFileReference; lastKnownFileType = sourcecode.cpp.cpp; path = object.cc; sourceTree = "<group>"; };
		4B53F1CB2104406700736E14 /* factory.cc */ = {isa = PBXFileReference; lastKnownFileType = sourcecode.cpp.cpp; path = factory.cc; sourceTree = "<group>"; };
		4B53F1CC2104406700736E14 /* factory.h */ = {isa = PBXFileReference; lastKnownFileType = sourcecode.c.h; path = factory.h; sourceTree = "<group>"; };
		4B53F1CE2104E20900736E14 /* vampire.h */ = {isa = PBXFileReference; fileEncoding = 4; lastKnownFileType = sourcecode.c.h; path = vampire.h; sourceTree = "<group>"; };
		4B53F1CF2104E20900736E14 /* potion.cc */ = {isa = PBXFileReference; fileEncoding = 4; lastKnownFileType = sourcecode.cpp.cpp; path = potion.cc; sourceTree = "<group>"; };
		4BCE7AEB21052EED00B2532A /* resHP.cc */ = {isa = PBXFileReference; fileEncoding = 4; lastKnownFileType = sourcecode.cpp.cpp; path = resHP.cc; sourceTree = "<group>"; };
		4BCE7AEC21052EED00B2532A /* resHP.h */ = {isa = PBXFileReference; fileEncoding = 4; lastKnownFileType = sourcecode.c.h; path = resHP.h; sourceTree = "<group>"; };
		4BCE7AED21052EED00B2532A /* halfling.h */ = {isa = PBXFileReference; fileEncoding = 4; lastKnownFileType = sourcecode.c.h; path = halfling.h; sourceTree = "<group>"; };
		4BCE7AEE21052EED00B2532A /* human.h */ = {isa = PBXFileReference; fileEncoding = 4; lastKnownFileType = sourcecode.c.h; path = human.h; sourceTree = "<group>"; };
		4BCE7AEF21052EED00B2532A /* orc.h */ = {isa = PBXFileReference; fileEncoding = 4; lastKnownFileType = sourcecode.c.h; path = orc.h; sourceTree = "<group>"; };
		4BCE7AF021052EED00B2532A /* vampire.cc */ = {isa = PBXFileReference; fileEncoding = 4; lastKnownFileType = sourcecode.cpp.cpp; path = vampire.cc; sourceTree = "<group>"; };
		4BCE7AF121052EED00B2532A /* elf.cc */ = {isa = PBXFileReference; fileEncoding = 4; lastKnownFileType = sourcecode.cpp.cpp; path = elf.cc; sourceTree = "<group>"; };
		4BCE7AF221052EEE00B2532A /* halfling.cc */ = {isa = PBXFileReference; fileEncoding = 4; lastKnownFileType = sourcecode.cpp.cpp; path = halfling.cc; sourceTree = "<group>"; };
		4BCE7AF321052EEE00B2532A /* elf.h */ = {isa = PBXFileReference; fileEncoding = 4; lastKnownFileType = sourcecode.c.h; path = elf.h; sourceTree = "<group>"; };
		4BCE7AF421052EEE00B2532A /* human.cc */ = {isa = PBXFileReference; fileEncoding = 4; lastKnownFileType = sourcecode.cpp.cpp; path = human.cc; sourceTree = "<group>"; };
		4BCE7AF521052EEE00B2532A /* orc.cc */ = {isa = PBXFileReference; fileEncoding = 4; lastKnownFileType = sourcecode.cpp.cpp; path = orc.cc; sourceTree = "<group>"; };
/* End PBXFileReference section */

/* Begin PBXFrameworksBuildPhase section */
		4B2B5D6720FE8B1B00F5B673 /* Frameworks */ = {
			isa = PBXFrameworksBuildPhase;
			buildActionMask = 2147483647;
			files = (
			);
			runOnlyForDeploymentPostprocessing = 0;
		};
/* End PBXFrameworksBuildPhase section */

/* Begin PBXGroup section */
		4B2B5D6120FE8B1B00F5B673 = {
			isa = PBXGroup;
			children = (
				4B2B5D6C20FE8B1B00F5B673 /* CC3K */,
				4B2B5D6B20FE8B1B00F5B673 /* Products */,
			);
			sourceTree = "<group>";
		};
		4B2B5D6B20FE8B1B00F5B673 /* Products */ = {
			isa = PBXGroup;
			children = (
				4B2B5D6A20FE8B1B00F5B673 /* CC3K */,
			);
			name = Products;
			sourceTree = "<group>";
		};
		4B2B5D6C20FE8B1B00F5B673 /* CC3K */ = {
			isa = PBXGroup;
			children = (
				4B53F1C02100105B00736E14 /* Todo */,
				4B53F1C821018EE300736E14 /* info.h */,
				4B2B5D7D20FE9B6900F5B673 /* cc3k_emptyfloor.txt */,
				4B2B5D6D20FE8B1B00F5B673 /* main.cc */,
				4B2B5D7520FE968D00F5B673 /* grid.h */,
				4B2B5D7B20FE96C700F5B673 /* cell.h */,
				4B2B5D7F20FEBA2200F5B673 /* doorcell.h */,
				4B2B5D7E20FEBA2200F5B673 /* floorcell.h */,
				4B53F1BC2100105A00736E14 /* object.h */,
				4B53F1B720FFE96300736E14 /* chamber.h */,
				4B53F1CE2104E20900736E14 /* vampire.h */,
				4B53F1CC2104406700736E14 /* factory.h */,
				4B2B5D8B20FFD7A000F5B673 /* character.h */,
				4B53F1BB2100105A00736E14 /* enemy.h */,
				4B53F1C621018CF900736E14 /* dwarf.h */,
				4B53F1C12100105B00736E14 /* player.h */,
				4B53F1BE2100105A00736E14 /* potion.h */,
				4B53F1BF2100105B00736E14 /* shade.h */,
				4B2B5D8D20FFD7F300F5B673 /* item.h */,
				4BCE7AF321052EEE00B2532A /* elf.h */,
				4BCE7AED21052EED00B2532A /* halfling.h */,
				4BCE7AEE21052EED00B2532A /* human.h */,
				4BCE7AEF21052EED00B2532A /* orc.h */,
				4BCE7AEC21052EED00B2532A /* resHP.h */,
				4B2B5D8720FEC1D200F5B673 /* bridge.h */,
				4B2B5D7820FE969A00F5B673 /* textdisplay.h */,
				4B2B5D8220FEBB6300F5B673 /* nullcell.h */,
				4B53F1CB2104406700736E14 /* factory.cc */,
				4BCE7AF521052EEE00B2532A /* orc.cc */,
				4BCE7AF121052EED00B2532A /* elf.cc */,
				4BCE7AF221052EEE00B2532A /* halfling.cc */,
				4BCE7AF421052EEE00B2532A /* human.cc */,
				4BCE7AEB21052EED00B2532A /* resHP.cc */,
				4BCE7AF021052EED00B2532A /* vampire.cc */,
				4B53F1CF2104E20900736E14 /* potion.cc */,
				4B53F1C92102A26000736E14 /* object.cc */,
				4B53F1C521018CF900736E14 /* dwarf.cc */,
				4B53F1C321018C8200736E14 /* enemy.cc */,
				4B53F1B921000FB800736E14 /* character.cc */,
				4B53F1BD2100105A00736E14 /* shade.cc */,
				4B53F1B620FFE96300736E14 /* chamber.cc */,
				4B2B5D8E20FFD80B00F5B673 /* item.cc */,
				4B2B5D7420FE968D00F5B673 /* grid.cc */,
				4B2B5D8520FEBD2B00F5B673 /* doorcell.cc */,
				4B2B5D8020FEBA2200F5B673 /* floorcell.cc */,
				4B2B5D8820FEC1D200F5B673 /* bridge.cc */,
				4B2B5D7720FE969A00F5B673 /* textdisplay.cc */,
				4B2B5D7A20FE96C700F5B673 /* cell.cc */,
				4B2B5D8320FEBB6300F5B673 /* nullcell.cc */,
			);
			path = CC3K;
			sourceTree = "<group>";
		};
/* End PBXGroup section */

/* Begin PBXNativeTarget section */
		4B2B5D6920FE8B1B00F5B673 /* CC3K */ = {
			isa = PBXNativeTarget;
			buildConfigurationList = 4B2B5D7120FE8B1B00F5B673 /* Build configuration list for PBXNativeTarget "CC3K" */;
			buildPhases = (
				4B2B5D6620FE8B1B00F5B673 /* Sources */,
				4B2B5D6720FE8B1B00F5B673 /* Frameworks */,
				4B2B5D6820FE8B1B00F5B673 /* CopyFiles */,
			);
			buildRules = (
			);
			dependencies = (
			);
			name = CC3K;
			productName = CC3K;
			productReference = 4B2B5D6A20FE8B1B00F5B673 /* CC3K */;
			productType = "com.apple.product-type.tool";
		};
/* End PBXNativeTarget section */

/* Begin PBXProject section */
		4B2B5D6220FE8B1B00F5B673 /* Project object */ = {
			isa = PBXProject;
			attributes = {
				LastUpgradeCheck = 0940;
				ORGANIZATIONNAME = "Parshant Bhatia";
				TargetAttributes = {
					4B2B5D6920FE8B1B00F5B673 = {
						CreatedOnToolsVersion = 9.4.1;
					};
				};
			};
			buildConfigurationList = 4B2B5D6520FE8B1B00F5B673 /* Build configuration list for PBXProject "CC3K" */;
			compatibilityVersion = "Xcode 9.3";
			developmentRegion = en;
			hasScannedForEncodings = 0;
			knownRegions = (
				en,
			);
			mainGroup = 4B2B5D6120FE8B1B00F5B673;
			productRefGroup = 4B2B5D6B20FE8B1B00F5B673 /* Products */;
			projectDirPath = "";
			projectRoot = "";
			targets = (
				4B2B5D6920FE8B1B00F5B673 /* CC3K */,
			);
		};
/* End PBXProject section */

/* Begin PBXSourcesBuildPhase section */
		4B2B5D6620FE8B1B00F5B673 /* Sources */ = {
			isa = PBXSourcesBuildPhase;
			buildActionMask = 2147483647;
			files = (
				4B53F1BA21000FB800736E14 /* character.cc in Sources */,
				4B2B5D8420FEBB6300F5B673 /* nullcell.cc in Sources */,
				4B2B5D7920FE969A00F5B673 /* textdisplay.cc in Sources */,
				4BCE7AFB21052EEE00B2532A /* orc.cc in Sources */,
				4BCE7AF721052EEE00B2532A /* vampire.cc in Sources */,
				4B53F1D02104E20900736E14 /* potion.cc in Sources */,
				4BCE7AF821052EEE00B2532A /* elf.cc in Sources */,
				4B53F1C421018C8200736E14 /* enemy.cc in Sources */,
				4B53F1CD2104406700736E14 /* factory.cc in Sources */,
				4B53F1CA2102A26000736E14 /* object.cc in Sources */,
				4B2B5D8920FEC1D200F5B673 /* bridge.cc in Sources */,
				4BCE7AF921052EEE00B2532A /* halfling.cc in Sources */,
				4BCE7AF621052EEE00B2532A /* resHP.cc in Sources */,
				4B2B5D7C20FE96C700F5B673 /* cell.cc in Sources */,
				4B53F1C22100105B00736E14 /* shade.cc in Sources */,
				4B2B5D8F20FFD80B00F5B673 /* item.cc in Sources */,
				4B2B5D6E20FE8B1B00F5B673 /* main.cc in Sources */,
				4B53F1B820FFE96300736E14 /* chamber.cc in Sources */,
				4B53F1C721018CF900736E14 /* dwarf.cc in Sources */,
				4B2B5D8620FEBD2B00F5B673 /* doorcell.cc in Sources */,
				4BCE7AFA21052EEE00B2532A /* human.cc in Sources */,
				4B2B5D7620FE968D00F5B673 /* grid.cc in Sources */,
				4B2B5D8120FEBA2200F5B673 /* floorcell.cc in Sources */,
			);
			runOnlyForDeploymentPostprocessing = 0;
		};
/* End PBXSourcesBuildPhase section */

/* Begin XCBuildConfiguration section */
		4B2B5D6F20FE8B1B00F5B673 /* Debug */ = {
			isa = XCBuildConfiguration;
			buildSettings = {
				ALWAYS_SEARCH_USER_PATHS = NO;
				CLANG_ANALYZER_NONNULL = YES;
				CLANG_ANALYZER_NUMBER_OBJECT_CONVERSION = YES_AGGRESSIVE;
				CLANG_CXX_LANGUAGE_STANDARD = "gnu++14";
				CLANG_CXX_LIBRARY = "libc++";
				CLANG_ENABLE_MODULES = YES;
				CLANG_ENABLE_OBJC_ARC = YES;
				CLANG_ENABLE_OBJC_WEAK = YES;
				CLANG_WARN_BLOCK_CAPTURE_AUTORELEASING = YES;
				CLANG_WARN_BOOL_CONVERSION = YES;
				CLANG_WARN_COMMA = YES;
				CLANG_WARN_CONSTANT_CONVERSION = YES;
				CLANG_WARN_DEPRECATED_OBJC_IMPLEMENTATIONS = YES;
				CLANG_WARN_DIRECT_OBJC_ISA_USAGE = YES_ERROR;
				CLANG_WARN_DOCUMENTATION_COMMENTS = YES;
				CLANG_WARN_EMPTY_BODY = YES;
				CLANG_WARN_ENUM_CONVERSION = YES;
				CLANG_WARN_INFINITE_RECURSION = YES;
				CLANG_WARN_INT_CONVERSION = YES;
				CLANG_WARN_NON_LITERAL_NULL_CONVERSION = YES;
				CLANG_WARN_OBJC_IMPLICIT_RETAIN_SELF = YES;
				CLANG_WARN_OBJC_LITERAL_CONVERSION = YES;
				CLANG_WARN_OBJC_ROOT_CLASS = YES_ERROR;
				CLANG_WARN_RANGE_LOOP_ANALYSIS = YES;
				CLANG_WARN_STRICT_PROTOTYPES = YES;
				CLANG_WARN_SUSPICIOUS_MOVE = YES;
				CLANG_WARN_UNGUARDED_AVAILABILITY = YES_AGGRESSIVE;
				CLANG_WARN_UNREACHABLE_CODE = YES;
				CLANG_WARN__DUPLICATE_METHOD_MATCH = YES;
				CODE_SIGN_IDENTITY = "-";
				COPY_PHASE_STRIP = NO;
				DEBUG_INFORMATION_FORMAT = dwarf;
				ENABLE_STRICT_OBJC_MSGSEND = YES;
				ENABLE_TESTABILITY = YES;
				GCC_C_LANGUAGE_STANDARD = gnu11;
				GCC_DYNAMIC_NO_PIC = NO;
				GCC_NO_COMMON_BLOCKS = YES;
				GCC_OPTIMIZATION_LEVEL = 0;
				GCC_PREPROCESSOR_DEFINITIONS = (
					"DEBUG=1",
					"$(inherited)",
				);
				GCC_WARN_64_TO_32_BIT_CONVERSION = YES;
				GCC_WARN_ABOUT_RETURN_TYPE = YES_ERROR;
				GCC_WARN_UNDECLARED_SELECTOR = YES;
				GCC_WARN_UNINITIALIZED_AUTOS = YES_AGGRESSIVE;
				GCC_WARN_UNUSED_FUNCTION = YES;
				GCC_WARN_UNUSED_VARIABLE = YES;
				MACOSX_DEPLOYMENT_TARGET = 10.13;
				MTL_ENABLE_DEBUG_INFO = YES;
				ONLY_ACTIVE_ARCH = YES;
				SDKROOT = macosx;
			};
			name = Debug;
		};
		4B2B5D7020FE8B1B00F5B673 /* Release */ = {
			isa = XCBuildConfiguration;
			buildSettings = {
				ALWAYS_SEARCH_USER_PATHS = NO;
				CLANG_ANALYZER_NONNULL = YES;
				CLANG_ANALYZER_NUMBER_OBJECT_CONVERSION = YES_AGGRESSIVE;
				CLANG_CXX_LANGUAGE_STANDARD = "gnu++14";
				CLANG_CXX_LIBRARY = "libc++";
				CLANG_ENABLE_MODULES = YES;
				CLANG_ENABLE_OBJC_ARC = YES;
				CLANG_ENABLE_OBJC_WEAK = YES;
				CLANG_WARN_BLOCK_CAPTURE_AUTORELEASING = YES;
				CLANG_WARN_BOOL_CONVERSION = YES;
				CLANG_WARN_COMMA = YES;
				CLANG_WARN_CONSTANT_CONVERSION = YES;
				CLANG_WARN_DEPRECATED_OBJC_IMPLEMENTATIONS = YES;
				CLANG_WARN_DIRECT_OBJC_ISA_USAGE = YES_ERROR;
				CLANG_WARN_DOCUMENTATION_COMMENTS = YES;
				CLANG_WARN_EMPTY_BODY = YES;
				CLANG_WARN_ENUM_CONVERSION = YES;
				CLANG_WARN_INFINITE_RECURSION = YES;
				CLANG_WARN_INT_CONVERSION = YES;
				CLANG_WARN_NON_LITERAL_NULL_CONVERSION = YES;
				CLANG_WARN_OBJC_IMPLICIT_RETAIN_SELF = YES;
				CLANG_WARN_OBJC_LITERAL_CONVERSION = YES;
				CLANG_WARN_OBJC_ROOT_CLASS = YES_ERROR;
				CLANG_WARN_RANGE_LOOP_ANALYSIS = YES;
				CLANG_WARN_STRICT_PROTOTYPES = YES;
				CLANG_WARN_SUSPICIOUS_MOVE = YES;
				CLANG_WARN_UNGUARDED_AVAILABILITY = YES_AGGRESSIVE;
				CLANG_WARN_UNREACHABLE_CODE = YES;
				CLANG_WARN__DUPLICATE_METHOD_MATCH = YES;
				CODE_SIGN_IDENTITY = "-";
				COPY_PHASE_STRIP = NO;
				DEBUG_INFORMATION_FORMAT = "dwarf-with-dsym";
				ENABLE_NS_ASSERTIONS = NO;
				ENABLE_STRICT_OBJC_MSGSEND = YES;
				GCC_C_LANGUAGE_STANDARD = gnu11;
				GCC_NO_COMMON_BLOCKS = YES;
				GCC_WARN_64_TO_32_BIT_CONVERSION = YES;
				GCC_WARN_ABOUT_RETURN_TYPE = YES_ERROR;
				GCC_WARN_UNDECLARED_SELECTOR = YES;
				GCC_WARN_UNINITIALIZED_AUTOS = YES_AGGRESSIVE;
				GCC_WARN_UNUSED_FUNCTION = YES;
				GCC_WARN_UNUSED_VARIABLE = YES;
				MACOSX_DEPLOYMENT_TARGET = 10.13;
				MTL_ENABLE_DEBUG_INFO = NO;
				SDKROOT = macosx;
			};
			name = Release;
		};
		4B2B5D7220FE8B1B00F5B673 /* Debug */ = {
			isa = XCBuildConfiguration;
			buildSettings = {
				CLANG_CXX_LANGUAGE_STANDARD = "c++14";
				CODE_SIGN_STYLE = Automatic;
				PRODUCT_NAME = "$(TARGET_NAME)";
			};
			name = Debug;
		};
		4B2B5D7320FE8B1B00F5B673 /* Release */ = {
			isa = XCBuildConfiguration;
			buildSettings = {
				CLANG_CXX_LANGUAGE_STANDARD = "c++14";
				CODE_SIGN_STYLE = Automatic;
				PRODUCT_NAME = "$(TARGET_NAME)";
			};
			name = Release;
		};
/* End XCBuildConfiguration section */

/* Begin XCConfigurationList section */
		4B2B5D6520FE8B1B00F5B673 /* Build configuration list for PBXProject "CC3K" */ = {
			isa = XCConfigurationList;
			buildConfigurations = (
				4B2B5D6F20FE8B1B00F5B673 /* Debug */,
				4B2B5D7020FE8B1B00F5B673 /* Release */,
			);
			defaultConfigurationIsVisible = 0;
			defaultConfigurationName = Release;
		};
		4B2B5D7120FE8B1B00F5B673 /* Build configuration list for PBXNativeTarget "CC3K" */ = {
			isa = XCConfigurationList;
			buildConfigurations = (
				4B2B5D7220FE8B1B00F5B673 /* Debug */,
				4B2B5D7320FE8B1B00F5B673 /* Release */,
			);
			defaultConfigurationIsVisible = 0;
			defaultConfigurationName = Release;
		};
/* End XCConfigurationList section */
	};
	rootObject = 4B2B5D6220FE8B1B00F5B673 /* Project object */;
}
