// !$*UTF8*$!
{
	archiveVersion = 1;
	classes = {
	};
	objectVersion = 50;
	objects = {

/* Begin PBXBuildFile section */
		4B2B5D6E20FE8B1B00F5B673 /* main.cc in Sources */ = {isa = PBXBuildFile; fileRef = 4B2B5D6D20FE8B1B00F5B673 /* main.cc */; };
		4B3BD7752107AF8900C0C3E7 /* dwarf.cc in Sources */ = {isa = PBXBuildFile; fileRef = 4B3BD7592107AF8300C0C3E7 /* dwarf.cc */; };
		4B3BD7762107AF8900C0C3E7 /* grid.cc in Sources */ = {isa = PBXBuildFile; fileRef = 4B3BD75A2107AF8300C0C3E7 /* grid.cc */; };
		4B3BD7772107AF8900C0C3E7 /* vampire.cc in Sources */ = {isa = PBXBuildFile; fileRef = 4B3BD75B2107AF8300C0C3E7 /* vampire.cc */; };
		4B3BD7782107AF8900C0C3E7 /* character.cc in Sources */ = {isa = PBXBuildFile; fileRef = 4B3BD75C2107AF8400C0C3E7 /* character.cc */; };
		4B3BD7792107AF8900C0C3E7 /* object.cc in Sources */ = {isa = PBXBuildFile; fileRef = 4B3BD75D2107AF8400C0C3E7 /* object.cc */; };
		4B3BD77A2107AF8900C0C3E7 /* enemy.cc in Sources */ = {isa = PBXBuildFile; fileRef = 4B3BD75E2107AF8400C0C3E7 /* enemy.cc */; };
		4B3BD77B2107AF8900C0C3E7 /* halfling.cc in Sources */ = {isa = PBXBuildFile; fileRef = 4B3BD75F2107AF8400C0C3E7 /* halfling.cc */; };
		4B3BD77D2107AF8900C0C3E7 /* textdisplay.cc in Sources */ = {isa = PBXBuildFile; fileRef = 4B3BD7612107AF8500C0C3E7 /* textdisplay.cc */; };
		4B3BD77F2107AF8900C0C3E7 /* poiHP.cc in Sources */ = {isa = PBXBuildFile; fileRef = 4B3BD7632107AF8500C0C3E7 /* poiHP.cc */; };
		4B3BD7802107AF8900C0C3E7 /* nullcell.cc in Sources */ = {isa = PBXBuildFile; fileRef = 4B3BD7642107AF8500C0C3E7 /* nullcell.cc */; };
		4B3BD7812107AF8900C0C3E7 /* gold.cc in Sources */ = {isa = PBXBuildFile; fileRef = 4B3BD7652107AF8600C0C3E7 /* gold.cc */; };
		4B3BD7822107AF8900C0C3E7 /* potion.cc in Sources */ = {isa = PBXBuildFile; fileRef = 4B3BD7662107AF8600C0C3E7 /* potion.cc */; };
		4B3BD7832107AF8900C0C3E7 /* shade.cc in Sources */ = {isa = PBXBuildFile; fileRef = 4B3BD7672107AF8600C0C3E7 /* shade.cc */; };
		4B3BD7842107AF8900C0C3E7 /* player.cc in Sources */ = {isa = PBXBuildFile; fileRef = 4B3BD7682107AF8600C0C3E7 /* player.cc */; };
		4B3BD7852107AF8900C0C3E7 /* drow.cc in Sources */ = {isa = PBXBuildFile; fileRef = 4B3BD7692107AF8600C0C3E7 /* drow.cc */; };
		4B3BD7862107AF8900C0C3E7 /* doorcell.cc in Sources */ = {isa = PBXBuildFile; fileRef = 4B3BD76A2107AF8600C0C3E7 /* doorcell.cc */; };
		4B3BD7872107AF8900C0C3E7 /* resHP.cc in Sources */ = {isa = PBXBuildFile; fileRef = 4B3BD76B2107AF8700C0C3E7 /* resHP.cc */; };
		4B3BD7882107AF8900C0C3E7 /* floorcell.cc in Sources */ = {isa = PBXBuildFile; fileRef = 4B3BD76C2107AF8700C0C3E7 /* floorcell.cc */; };
		4B3BD7892107AF8900C0C3E7 /* chamber.cc in Sources */ = {isa = PBXBuildFile; fileRef = 4B3BD76D2107AF8700C0C3E7 /* chamber.cc */; };
		4B3BD78A2107AF8900C0C3E7 /* orc.cc in Sources */ = {isa = PBXBuildFile; fileRef = 4B3BD76E2107AF8700C0C3E7 /* orc.cc */; };
		4B3BD78B2107AF8900C0C3E7 /* human.cc in Sources */ = {isa = PBXBuildFile; fileRef = 4B3BD76F2107AF8700C0C3E7 /* human.cc */; };
		4B3BD78C2107AF8900C0C3E7 /* item.cc in Sources */ = {isa = PBXBuildFile; fileRef = 4B3BD7702107AF8800C0C3E7 /* item.cc */; };
		4B3BD78D2107AF8900C0C3E7 /* factory.cc in Sources */ = {isa = PBXBuildFile; fileRef = 4B3BD7712107AF8800C0C3E7 /* factory.cc */; };
		4B3BD78E2107AF8900C0C3E7 /* elf.cc in Sources */ = {isa = PBXBuildFile; fileRef = 4B3BD7722107AF8800C0C3E7 /* elf.cc */; };
		4B3BD78F2107AF8900C0C3E7 /* bridge.cc in Sources */ = {isa = PBXBuildFile; fileRef = 4B3BD7732107AF8800C0C3E7 /* bridge.cc */; };
		4B3BD7902107AF8900C0C3E7 /* cell.cc in Sources */ = {isa = PBXBuildFile; fileRef = 4B3BD7742107AF8800C0C3E7 /* cell.cc */; };
		4BA7723121057002000D60CC /* troll.cc in Sources */ = {isa = PBXBuildFile; fileRef = 4BA7722D21057001000D60CC /* troll.cc */; };
		4BA7723221057002000D60CC /* goblin.cc in Sources */ = {isa = PBXBuildFile; fileRef = 4BA7722E21057001000D60CC /* goblin.cc */; };
		4BC3A72F2107CED0002286B9 /* plusAtk.cc in Sources */ = {isa = PBXBuildFile; fileRef = 4BC3A7282107CED0002286B9 /* plusAtk.cc */; };
		4BC3A7302107CED0002286B9 /* plusDef.cc in Sources */ = {isa = PBXBuildFile; fileRef = 4BC3A7292107CED0002286B9 /* plusDef.cc */; };
		4BC3A7312107CED0002286B9 /* minAtk.cc in Sources */ = {isa = PBXBuildFile; fileRef = 4BC3A72B2107CED0002286B9 /* minAtk.cc */; };
		4BC3A7322107CED0002286B9 /* minDef.cc in Sources */ = {isa = PBXBuildFile; fileRef = 4BC3A72C2107CED0002286B9 /* minDef.cc */; };
/* End PBXBuildFile section */

/* Begin PBXCopyFilesBuildPhase section */
		4B2B5D6820FE8B1B00F5B673 /* CopyFiles */ = {
			isa = PBXCopyFilesBuildPhase;
			buildActionMask = 2147483647;
			dstPath = /usr/share/man/man1/;
			dstSubfolderSpec = 0;
			files = (
			);
			runOnlyForDeploymentPostprocessing = 1;
		};
/* End PBXCopyFilesBuildPhase section */

/* Begin PBXFileReference section */
		4B2B5D6A20FE8B1B00F5B673 /* CC3K */ = {isa = PBXFileReference; explicitFileType = "compiled.mach-o.executable"; includeInIndex = 0; path = CC3K; sourceTree = BUILT_PRODUCTS_DIR; };
		4B2B5D6D20FE8B1B00F5B673 /* main.cc */ = {isa = PBXFileReference; lastKnownFileType = sourcecode.cpp.cpp; path = main.cc; sourceTree = "<group>"; };
		4B2B5D7520FE968D00F5B673 /* grid.h */ = {isa = PBXFileReference; lastKnownFileType = sourcecode.c.h; path = grid.h; sourceTree = "<group>"; };
		4B2B5D7820FE969A00F5B673 /* textdisplay.h */ = {isa = PBXFileReference; lastKnownFileType = sourcecode.c.h; path = textdisplay.h; sourceTree = "<group>"; };
		4B2B5D7B20FE96C700F5B673 /* cell.h */ = {isa = PBXFileReference; lastKnownFileType = sourcecode.c.h; path = cell.h; sourceTree = "<group>"; };
		4B2B5D7D20FE9B6900F5B673 /* cc3k_emptyfloor.txt */ = {isa = PBXFileReference; lastKnownFileType = text; path = cc3k_emptyfloor.txt; sourceTree = "<group>"; };
		4B2B5D7E20FEBA2200F5B673 /* floorcell.h */ = {isa = PBXFileReference; fileEncoding = 4; lastKnownFileType = sourcecode.c.h; path = floorcell.h; sourceTree = "<group>"; };
		4B2B5D7F20FEBA2200F5B673 /* doorcell.h */ = {isa = PBXFileReference; fileEncoding = 4; lastKnownFileType = sourcecode.c.h; path = doorcell.h; sourceTree = "<group>"; };
		4B2B5D8220FEBB6300F5B673 /* nullcell.h */ = {isa = PBXFileReference; fileEncoding = 4; lastKnownFileType = sourcecode.c.h; path = nullcell.h; sourceTree = "<group>"; };
		4B2B5D8720FEC1D200F5B673 /* bridge.h */ = {isa = PBXFileReference; fileEncoding = 4; lastKnownFileType = sourcecode.c.h; path = bridge.h; sourceTree = "<group>"; };
		4B2B5D8B20FFD7A000F5B673 /* character.h */ = {isa = PBXFileReference; lastKnownFileType = sourcecode.c.h; path = character.h; sourceTree = "<group>"; };
		4B2B5D8D20FFD7F300F5B673 /* item.h */ = {isa = PBXFileReference; fileEncoding = 4; lastKnownFileType = sourcecode.c.h; path = item.h; sourceTree = "<group>"; };
		4B3BD7502107AF3400C0C3E7 /* poiHP.h */ = {isa = PBXFileReference; fileEncoding = 4; lastKnownFileType = sourcecode.c.h; path = poiHP.h; sourceTree = "<group>"; };
		4B3BD7542107AF3500C0C3E7 /* gold.h */ = {isa = PBXFileReference; fileEncoding = 4; lastKnownFileType = sourcecode.c.h; path = gold.h; sourceTree = "<group>"; };
		4B3BD7592107AF8300C0C3E7 /* dwarf.cc */ = {isa = PBXFileReference; lastKnownFileType = sourcecode.cpp.cpp; path = dwarf.cc; sourceTree = "<group>"; };
		4B3BD75A2107AF8300C0C3E7 /* grid.cc */ = {isa = PBXFileReference; lastKnownFileType = sourcecode.cpp.cpp; path = grid.cc; sourceTree = "<group>"; };
		4B3BD75B2107AF8300C0C3E7 /* vampire.cc */ = {isa = PBXFileReference; lastKnownFileType = sourcecode.cpp.cpp; path = vampire.cc; sourceTree = "<group>"; };
		4B3BD75C2107AF8400C0C3E7 /* character.cc */ = {isa = PBXFileReference; lastKnownFileType = sourcecode.cpp.cpp; path = character.cc; sourceTree = "<group>"; };
		4B3BD75D2107AF8400C0C3E7 /* object.cc */ = {isa = PBXFileReference; lastKnownFileType = sourcecode.cpp.cpp; path = object.cc; sourceTree = "<group>"; };
		4B3BD75E2107AF8400C0C3E7 /* enemy.cc */ = {isa = PBXFileReference; lastKnownFileType = sourcecode.cpp.cpp; path = enemy.cc; sourceTree = "<group>"; };
		4B3BD75F2107AF8400C0C3E7 /* halfling.cc */ = {isa = PBXFileReference; lastKnownFileType = sourcecode.cpp.cpp; path = halfling.cc; sourceTree = "<group>"; };
		4B3BD7612107AF8500C0C3E7 /* textdisplay.cc */ = {isa = PBXFileReference; lastKnownFileType = sourcecode.cpp.cpp; path = textdisplay.cc; sourceTree = "<group>"; };
		4B3BD7632107AF8500C0C3E7 /* poiHP.cc */ = {isa = PBXFileReference; lastKnownFileType = sourcecode.cpp.cpp; path = poiHP.cc; sourceTree = "<group>"; };
		4B3BD7642107AF8500C0C3E7 /* nullcell.cc */ = {isa = PBXFileReference; lastKnownFileType = sourcecode.cpp.cpp; path = nullcell.cc; sourceTree = "<group>"; };
		4B3BD7652107AF8600C0C3E7 /* gold.cc */ = {isa = PBXFileReference; lastKnownFileType = sourcecode.cpp.cpp; path = gold.cc; sourceTree = "<group>"; };
		4B3BD7662107AF8600C0C3E7 /* potion.cc */ = {isa = PBXFileReference; lastKnownFileType = sourcecode.cpp.cpp; path = potion.cc; sourceTree = "<group>"; };
		4B3BD7672107AF8600C0C3E7 /* shade.cc */ = {isa = PBXFileReference; lastKnownFileType = sourcecode.cpp.cpp; path = shade.cc; sourceTree = "<group>"; };
		4B3BD7682107AF8600C0C3E7 /* player.cc */ = {isa = PBXFileReference; lastKnownFileType = sourcecode.cpp.cpp; path = player.cc; sourceTree = "<group>"; };
		4B3BD7692107AF8600C0C3E7 /* drow.cc */ = {isa = PBXFileReference; lastKnownFileType = sourcecode.cpp.cpp; path = drow.cc; sourceTree = "<group>"; };
		4B3BD76A2107AF8600C0C3E7 /* doorcell.cc */ = {isa = PBXFileReference; lastKnownFileType = sourcecode.cpp.cpp; path = doorcell.cc; sourceTree = "<group>"; };
		4B3BD76B2107AF8700C0C3E7 /* resHP.cc */ = {isa = PBXFileReference; lastKnownFileType = sourcecode.cpp.cpp; path = resHP.cc; sourceTree = "<group>"; };
		4B3BD76C2107AF8700C0C3E7 /* floorcell.cc */ = {isa = PBXFileReference; lastKnownFileType = sourcecode.cpp.cpp; path = floorcell.cc; sourceTree = "<group>"; };
		4B3BD76D2107AF8700C0C3E7 /* chamber.cc */ = {isa = PBXFileReference; lastKnownFileType = sourcecode.cpp.cpp; path = chamber.cc; sourceTree = "<group>"; };
		4B3BD76E2107AF8700C0C3E7 /* orc.cc */ = {isa = PBXFileReference; lastKnownFileType = sourcecode.cpp.cpp; path = orc.cc; sourceTree = "<group>"; };
		4B3BD76F2107AF8700C0C3E7 /* human.cc */ = {isa = PBXFileReference; lastKnownFileType = sourcecode.cpp.cpp; path = human.cc; sourceTree = "<group>"; };
		4B3BD7702107AF8800C0C3E7 /* item.cc */ = {isa = PBXFileReference; lastKnownFileType = sourcecode.cpp.cpp; path = item.cc; sourceTree = "<group>"; };
		4B3BD7712107AF8800C0C3E7 /* factory.cc */ = {isa = PBXFileReference; lastKnownFileType = sourcecode.cpp.cpp; path = factory.cc; sourceTree = "<group>"; };
		4B3BD7722107AF8800C0C3E7 /* elf.cc */ = {isa = PBXFileReference; lastKnownFileType = sourcecode.cpp.cpp; path = elf.cc; sourceTree = "<group>"; };
		4B3BD7732107AF8800C0C3E7 /* bridge.cc */ = {isa = PBXFileReference; lastKnownFileType = sourcecode.cpp.cpp; path = bridge.cc; sourceTree = "<group>"; };
		4B3BD7742107AF8800C0C3E7 /* cell.cc */ = {isa = PBXFileReference; lastKnownFileType = sourcecode.cpp.cpp; path = cell.cc; sourceTree = "<group>"; };
		4B53F1B720FFE96300736E14 /* chamber.h */ = {isa = PBXFileReference; fileEncoding = 4; lastKnownFileType = sourcecode.c.h; path = chamber.h; sourceTree = "<group>"; };
		4B53F1BB2100105A00736E14 /* enemy.h */ = {isa = PBXFileReference; fileEncoding = 4; lastKnownFileType = sourcecode.c.h; path = enemy.h; sourceTree = "<group>"; };
		4B53F1BC2100105A00736E14 /* object.h */ = {isa = PBXFileReference; fileEncoding = 4; lastKnownFileType = sourcecode.c.h; path = object.h; sourceTree = "<group>"; };
		4B53F1BE2100105A00736E14 /* potion.h */ = {isa = PBXFileReference; fileEncoding = 4; lastKnownFileType = sourcecode.c.h; path = potion.h; sourceTree = "<group>"; };
		4B53F1BF2100105B00736E14 /* shade.h */ = {isa = PBXFileReference; fileEncoding = 4; lastKnownFileType = sourcecode.c.h; path = shade.h; sourceTree = "<group>"; };
		4B53F1C12100105B00736E14 /* player.h */ = {isa = PBXFileReference; fileEncoding = 4; lastKnownFileType = sourcecode.c.h; path = player.h; sourceTree = "<group>"; };
		4B53F1C621018CF900736E14 /* dwarf.h */ = {isa = PBXFileReference; lastKnownFileType = sourcecode.c.h; path = dwarf.h; sourceTree = "<group>"; };
		4B53F1C821018EE300736E14 /* info.h */ = {isa = PBXFileReference; lastKnownFileType = sourcecode.c.h; path = info.h; sourceTree = "<group>"; };
		4B53F1CC2104406700736E14 /* factory.h */ = {isa = PBXFileReference; lastKnownFileType = sourcecode.c.h; path = factory.h; sourceTree = "<group>"; };
		4B53F1CE2104E20900736E14 /* vampire.h */ = {isa = PBXFileReference; fileEncoding = 4; lastKnownFileType = sourcecode.c.h; path = vampire.h; sourceTree = "<group>"; };
		4BA7722D21057001000D60CC /* troll.cc */ = {isa = PBXFileReference; fileEncoding = 4; lastKnownFileType = sourcecode.cpp.cpp; path = troll.cc; sourceTree = "<group>"; };
		4BA7722E21057001000D60CC /* goblin.cc */ = {isa = PBXFileReference; fileEncoding = 4; lastKnownFileType = sourcecode.cpp.cpp; path = goblin.cc; sourceTree = "<group>"; };
		4BA7722F21057001000D60CC /* goblin.h */ = {isa = PBXFileReference; fileEncoding = 4; lastKnownFileType = sourcecode.c.h; path = goblin.h; sourceTree = "<group>"; };
		4BA7723021057001000D60CC /* troll.h */ = {isa = PBXFileReference; fileEncoding = 4; lastKnownFileType = sourcecode.c.h; path = troll.h; sourceTree = "<group>"; };
		4BA77233210577EA000D60CC /* cc files */ = {isa = PBXFileReference; lastKnownFileType = folder; path = "cc files"; sourceTree = "<group>"; };
		4BBD9C5B21067BCE00F0BC2B /* attack.h */ = {isa = PBXFileReference; fileEncoding = 4; lastKnownFileType = sourcecode.c.h; path = attack.h; sourceTree = "<group>"; };
		4BC3A7272107CECF002286B9 /* minDef.h */ = {isa = PBXFileReference; fileEncoding = 4; lastKnownFileType = sourcecode.c.h; path = minDef.h; sourceTree = "<group>"; };
		4BC3A7282107CED0002286B9 /* plusAtk.cc */ = {isa = PBXFileReference; fileEncoding = 4; lastKnownFileType = sourcecode.cpp.cpp; path = plusAtk.cc; sourceTree = "<group>"; };
		4BC3A7292107CED0002286B9 /* plusDef.cc */ = {isa = PBXFileReference; fileEncoding = 4; lastKnownFileType = sourcecode.cpp.cpp; path = plusDef.cc; sourceTree = "<group>"; };
		4BC3A72A2107CED0002286B9 /* plusAtk.h */ = {isa = PBXFileReference; fileEncoding = 4; lastKnownFileType = sourcecode.c.h; path = plusAtk.h; sourceTree = "<group>"; };
		4BC3A72B2107CED0002286B9 /* minAtk.cc */ = {isa = PBXFileReference; fileEncoding = 4; lastKnownFileType = sourcecode.cpp.cpp; path = minAtk.cc; sourceTree = "<group>"; };
		4BC3A72C2107CED0002286B9 /* minDef.cc */ = {isa = PBXFileReference; fileEncoding = 4; lastKnownFileType = sourcecode.cpp.cpp; path = minDef.cc; sourceTree = "<group>"; };
		4BC3A72D2107CED0002286B9 /* minAtk.h */ = {isa = PBXFileReference; fileEncoding = 4; lastKnownFileType = sourcecode.c.h; path = minAtk.h; sourceTree = "<group>"; };
		4BC3A72E2107CED0002286B9 /* plusDef.h */ = {isa = PBXFileReference; fileEncoding = 4; lastKnownFileType = sourcecode.c.h; path = plusDef.h; sourceTree = "<group>"; };
		4BCE7AEC21052EED00B2532A /* resHP.h */ = {isa = PBXFileReference; fileEncoding = 4; lastKnownFileType = sourcecode.c.h; path = resHP.h; sourceTree = "<group>"; };
		4BCE7AED21052EED00B2532A /* halfling.h */ = {isa = PBXFileReference; fileEncoding = 4; lastKnownFileType = sourcecode.c.h; path = halfling.h; sourceTree = "<group>"; };
		4BCE7AEE21052EED00B2532A /* human.h */ = {isa = PBXFileReference; fileEncoding = 4; lastKnownFileType = sourcecode.c.h; path = human.h; sourceTree = "<group>"; };
		4BCE7AEF21052EED00B2532A /* orc.h */ = {isa = PBXFileReference; fileEncoding = 4; lastKnownFileType = sourcecode.c.h; path = orc.h; sourceTree = "<group>"; };
		4BCE7AF321052EEE00B2532A /* elf.h */ = {isa = PBXFileReference; fileEncoding = 4; lastKnownFileType = sourcecode.c.h; path = elf.h; sourceTree = "<group>"; };
		4BCE7AFD210535E900B2532A /* drow.h */ = {isa = PBXFileReference; fileEncoding = 4; lastKnownFileType = sourcecode.c.h; path = drow.h; sourceTree = "<group>"; };
/* End PBXFileReference section */

/* Begin PBXFrameworksBuildPhase section */
		4B2B5D6720FE8B1B00F5B673 /* Frameworks */ = {
			isa = PBXFrameworksBuildPhase;
			buildActionMask = 2147483647;
			files = (
			);
			runOnlyForDeploymentPostprocessing = 0;
		};
/* End PBXFrameworksBuildPhase section */

/* Begin PBXGroup section */
		4B2B5D6120FE8B1B00F5B673 = {
			isa = PBXGroup;
			children = (
				4B2B5D6C20FE8B1B00F5B673 /* CC3K */,
				4B2B5D6B20FE8B1B00F5B673 /* Products */,
			);
			sourceTree = "<group>";
		};
		4B2B5D6B20FE8B1B00F5B673 /* Products */ = {
			isa = PBXGroup;
			children = (
				4B2B5D6A20FE8B1B00F5B673 /* CC3K */,
			);
			name = Products;
			sourceTree = "<group>";
		};
		4B2B5D6C20FE8B1B00F5B673 /* CC3K */ = {
			isa = PBXGroup;
			children = (
				4B53F1C821018EE300736E14 /* info.h */,
				4B2B5D7D20FE9B6900F5B673 /* cc3k_emptyfloor.txt */,
				4B2B5D6D20FE8B1B00F5B673 /* main.cc */,
				4B53F1CC2104406700736E14 /* factory.h */,
				4B2B5D7520FE968D00F5B673 /* grid.h */,
				4B2B5D7B20FE96C700F5B673 /* cell.h */,
				4B53F1BC2100105A00736E14 /* object.h */,
				4B2B5D7F20FEBA2200F5B673 /* doorcell.h */,
				4B2B5D7E20FEBA2200F5B673 /* floorcell.h */,
				4B2B5D8220FEBB6300F5B673 /* nullcell.h */,
				4B2B5D8720FEC1D200F5B673 /* bridge.h */,
				4BCE7AEC21052EED00B2532A /* resHP.h */,
				4BC3A72B2107CED0002286B9 /* minAtk.cc */,
				4BC3A72D2107CED0002286B9 /* minAtk.h */,
				4BC3A72C2107CED0002286B9 /* minDef.cc */,
				4BC3A7272107CECF002286B9 /* minDef.h */,
				4BC3A7282107CED0002286B9 /* plusAtk.cc */,
				4BC3A72A2107CED0002286B9 /* plusAtk.h */,
				4BC3A7292107CED0002286B9 /* plusDef.cc */,
				4BC3A72E2107CED0002286B9 /* plusDef.h */,
				4B53F1B720FFE96300736E14 /* chamber.h */,
				4B53F1BE2100105A00736E14 /* potion.h */,
				4BBD9C5B21067BCE00F0BC2B /* attack.h */,
				4B53F1C621018CF900736E14 /* dwarf.h */,
				4BCE7AEF21052EED00B2532A /* orc.h */,
				4B53F1BB2100105A00736E14 /* enemy.h */,
				4B2B5D8B20FFD7A000F5B673 /* character.h */,
				4B3BD7712107AF8800C0C3E7 /* factory.cc */,
				4B3BD76C2107AF8700C0C3E7 /* floorcell.cc */,
				4B3BD7542107AF3500C0C3E7 /* gold.h */,
				4B3BD76E2107AF8700C0C3E7 /* orc.cc */,
				4B3BD7682107AF8600C0C3E7 /* player.cc */,
				4B3BD7502107AF3400C0C3E7 /* poiHP.h */,
				4B53F1C12100105B00736E14 /* player.h */,
				4BA7723021057001000D60CC /* troll.h */,
				4B53F1BF2100105B00736E14 /* shade.h */,
				4BCE7AFD210535E900B2532A /* drow.h */,
				4BA7722E21057001000D60CC /* goblin.cc */,
				4BA7722F21057001000D60CC /* goblin.h */,
				4BA7722D21057001000D60CC /* troll.cc */,
				4B2B5D8D20FFD7F300F5B673 /* item.h */,
				4B53F1CE2104E20900736E14 /* vampire.h */,
				4BCE7AF321052EEE00B2532A /* elf.h */,
				4BCE7AED21052EED00B2532A /* halfling.h */,
				4BCE7AEE21052EED00B2532A /* human.h */,
				4B2B5D7820FE969A00F5B673 /* textdisplay.h */,
				4B3BD7732107AF8800C0C3E7 /* bridge.cc */,
				4B3BD7742107AF8800C0C3E7 /* cell.cc */,
				4B3BD76D2107AF8700C0C3E7 /* chamber.cc */,
				4B3BD75C2107AF8400C0C3E7 /* character.cc */,
				4B3BD76A2107AF8600C0C3E7 /* doorcell.cc */,
				4B3BD7692107AF8600C0C3E7 /* drow.cc */,
				4B3BD7592107AF8300C0C3E7 /* dwarf.cc */,
				4B3BD7722107AF8800C0C3E7 /* elf.cc */,
				4B3BD75E2107AF8400C0C3E7 /* enemy.cc */,
				4B3BD7652107AF8600C0C3E7 /* gold.cc */,
				4B3BD75A2107AF8300C0C3E7 /* grid.cc */,
				4B3BD75F2107AF8400C0C3E7 /* halfling.cc */,
				4B3BD76F2107AF8700C0C3E7 /* human.cc */,
				4B3BD7702107AF8800C0C3E7 /* item.cc */,
				4B3BD7642107AF8500C0C3E7 /* nullcell.cc */,
				4B3BD75D2107AF8400C0C3E7 /* object.cc */,
				4B3BD7632107AF8500C0C3E7 /* poiHP.cc */,
				4B3BD7662107AF8600C0C3E7 /* potion.cc */,
				4B3BD76B2107AF8700C0C3E7 /* resHP.cc */,
				4B3BD7672107AF8600C0C3E7 /* shade.cc */,
				4B3BD7612107AF8500C0C3E7 /* textdisplay.cc */,
				4B3BD75B2107AF8300C0C3E7 /* vampire.cc */,
				4BA77233210577EA000D60CC /* cc files */,
				4BA7722C21056FE0000D60CC /* cc files */,
			);
			path = CC3K;
			sourceTree = "<group>";
		};
		4BA7722C21056FE0000D60CC /* cc files */ = {
			isa = PBXGroup;
			children = (
			);
			path = "cc files";
			sourceTree = "<group>";
		};
/* End PBXGroup section */

/* Begin PBXNativeTarget section */
		4B2B5D6920FE8B1B00F5B673 /* CC3K */ = {
			isa = PBXNativeTarget;
			buildConfigurationList = 4B2B5D7120FE8B1B00F5B673 /* Build configuration list for PBXNativeTarget "CC3K" */;
			buildPhases = (
				4B2B5D6620FE8B1B00F5B673 /* Sources */,
				4B2B5D6720FE8B1B00F5B673 /* Frameworks */,
				4B2B5D6820FE8B1B00F5B673 /* CopyFiles */,
			);
			buildRules = (
			);
			dependencies = (
			);
			name = CC3K;
			productName = CC3K;
			productReference = 4B2B5D6A20FE8B1B00F5B673 /* CC3K */;
			productType = "com.apple.product-type.tool";
		};
/* End PBXNativeTarget section */

/* Begin PBXProject section */
		4B2B5D6220FE8B1B00F5B673 /* Project object */ = {
			isa = PBXProject;
			attributes = {
				LastUpgradeCheck = 0940;
				ORGANIZATIONNAME = "Parshant Bhatia";
				TargetAttributes = {
					4B2B5D6920FE8B1B00F5B673 = {
						CreatedOnToolsVersion = 9.4.1;
					};
				};
			};
			buildConfigurationList = 4B2B5D6520FE8B1B00F5B673 /* Build configuration list for PBXProject "CC3K" */;
			compatibilityVersion = "Xcode 9.3";
			developmentRegion = en;
			hasScannedForEncodings = 0;
			knownRegions = (
				en,
			);
			mainGroup = 4B2B5D6120FE8B1B00F5B673;
			productRefGroup = 4B2B5D6B20FE8B1B00F5B673 /* Products */;
			projectDirPath = "";
			projectRoot = "";
			targets = (
				4B2B5D6920FE8B1B00F5B673 /* CC3K */,
			);
		};
/* End PBXProject section */

/* Begin PBXSourcesBuildPhase section */
		4B2B5D6620FE8B1B00F5B673 /* Sources */ = {
			isa = PBXSourcesBuildPhase;
			buildActionMask = 2147483647;
			files = (
				4B3BD78F2107AF8900C0C3E7 /* bridge.cc in Sources */,
				4BC3A7312107CED0002286B9 /* minAtk.cc in Sources */,
				4B3BD7872107AF8900C0C3E7 /* resHP.cc in Sources */,
				4B3BD77A2107AF8900C0C3E7 /* enemy.cc in Sources */,
				4B3BD78D2107AF8900C0C3E7 /* factory.cc in Sources */,
				4BA7723221057002000D60CC /* goblin.cc in Sources */,
				4B3BD7902107AF8900C0C3E7 /* cell.cc in Sources */,
				4B3BD7802107AF8900C0C3E7 /* nullcell.cc in Sources */,
				4B3BD7882107AF8900C0C3E7 /* floorcell.cc in Sources */,
				4B3BD7792107AF8900C0C3E7 /* object.cc in Sources */,
				4B3BD78E2107AF8900C0C3E7 /* elf.cc in Sources */,
				4B3BD7752107AF8900C0C3E7 /* dwarf.cc in Sources */,
				4B3BD7762107AF8900C0C3E7 /* grid.cc in Sources */,
				4B3BD7822107AF8900C0C3E7 /* potion.cc in Sources */,
				4BC3A7322107CED0002286B9 /* minDef.cc in Sources */,
				4B3BD7832107AF8900C0C3E7 /* shade.cc in Sources */,
				4B2B5D6E20FE8B1B00F5B673 /* main.cc in Sources */,
				4BC3A7302107CED0002286B9 /* plusDef.cc in Sources */,
				4B3BD77F2107AF8900C0C3E7 /* poiHP.cc in Sources */,
				4B3BD7892107AF8900C0C3E7 /* chamber.cc in Sources */,
				4B3BD7842107AF8900C0C3E7 /* player.cc in Sources */,
				4B3BD78C2107AF8900C0C3E7 /* item.cc in Sources */,
				4B3BD77B2107AF8900C0C3E7 /* halfling.cc in Sources */,
				4BC3A72F2107CED0002286B9 /* plusAtk.cc in Sources */,
				4B3BD7782107AF8900C0C3E7 /* character.cc in Sources */,
				4B3BD7812107AF8900C0C3E7 /* gold.cc in Sources */,
				4BA7723121057002000D60CC /* troll.cc in Sources */,
				4B3BD7852107AF8900C0C3E7 /* drow.cc in Sources */,
				4B3BD78B2107AF8900C0C3E7 /* human.cc in Sources */,
				4B3BD77D2107AF8900C0C3E7 /* textdisplay.cc in Sources */,
				4B3BD7862107AF8900C0C3E7 /* doorcell.cc in Sources */,
				4B3BD7772107AF8900C0C3E7 /* vampire.cc in Sources */,
				4B3BD78A2107AF8900C0C3E7 /* orc.cc in Sources */,
			);
			runOnlyForDeploymentPostprocessing = 0;
		};
/* End PBXSourcesBuildPhase section */

/* Begin XCBuildConfiguration section */
		4B2B5D6F20FE8B1B00F5B673 /* Debug */ = {
			isa = XCBuildConfiguration;
			buildSettings = {
				ALWAYS_SEARCH_USER_PATHS = NO;
				CLANG_ANALYZER_NONNULL = YES;
				CLANG_ANALYZER_NUMBER_OBJECT_CONVERSION = YES_AGGRESSIVE;
				CLANG_CXX_LANGUAGE_STANDARD = "gnu++14";
				CLANG_CXX_LIBRARY = "libc++";
				CLANG_ENABLE_MODULES = YES;
				CLANG_ENABLE_OBJC_ARC = YES;
				CLANG_ENABLE_OBJC_WEAK = YES;
				CLANG_WARN_BLOCK_CAPTURE_AUTORELEASING = YES;
				CLANG_WARN_BOOL_CONVERSION = YES;
				CLANG_WARN_COMMA = YES;
				CLANG_WARN_CONSTANT_CONVERSION = YES;
				CLANG_WARN_DEPRECATED_OBJC_IMPLEMENTATIONS = YES;
				CLANG_WARN_DIRECT_OBJC_ISA_USAGE = YES_ERROR;
				CLANG_WARN_DOCUMENTATION_COMMENTS = YES;
				CLANG_WARN_EMPTY_BODY = YES;
				CLANG_WARN_ENUM_CONVERSION = YES;
				CLANG_WARN_INFINITE_RECURSION = YES;
				CLANG_WARN_INT_CONVERSION = YES;
				CLANG_WARN_NON_LITERAL_NULL_CONVERSION = YES;
				CLANG_WARN_OBJC_IMPLICIT_RETAIN_SELF = YES;
				CLANG_WARN_OBJC_LITERAL_CONVERSION = YES;
				CLANG_WARN_OBJC_ROOT_CLASS = YES_ERROR;
				CLANG_WARN_RANGE_LOOP_ANALYSIS = YES;
				CLANG_WARN_STRICT_PROTOTYPES = YES;
				CLANG_WARN_SUSPICIOUS_MOVE = YES;
				CLANG_WARN_UNGUARDED_AVAILABILITY = YES_AGGRESSIVE;
				CLANG_WARN_UNREACHABLE_CODE = YES;
				CLANG_WARN__DUPLICATE_METHOD_MATCH = YES;
				CODE_SIGN_IDENTITY = "-";
				COPY_PHASE_STRIP = NO;
				DEBUG_INFORMATION_FORMAT = dwarf;
				ENABLE_STRICT_OBJC_MSGSEND = YES;
				ENABLE_TESTABILITY = YES;
				GCC_C_LANGUAGE_STANDARD = gnu11;
				GCC_DYNAMIC_NO_PIC = NO;
				GCC_NO_COMMON_BLOCKS = YES;
				GCC_OPTIMIZATION_LEVEL = 0;
				GCC_PREPROCESSOR_DEFINITIONS = (
					"DEBUG=1",
					"$(inherited)",
				);
				GCC_WARN_64_TO_32_BIT_CONVERSION = YES;
				GCC_WARN_ABOUT_RETURN_TYPE = YES_ERROR;
				GCC_WARN_UNDECLARED_SELECTOR = YES;
				GCC_WARN_UNINITIALIZED_AUTOS = YES_AGGRESSIVE;
				GCC_WARN_UNUSED_FUNCTION = YES;
				GCC_WARN_UNUSED_VARIABLE = YES;
				MACOSX_DEPLOYMENT_TARGET = 10.13;
				MTL_ENABLE_DEBUG_INFO = YES;
				ONLY_ACTIVE_ARCH = YES;
				SDKROOT = macosx;
			};
			name = Debug;
		};
		4B2B5D7020FE8B1B00F5B673 /* Release */ = {
			isa = XCBuildConfiguration;
			buildSettings = {
				ALWAYS_SEARCH_USER_PATHS = NO;
				CLANG_ANALYZER_NONNULL = YES;
				CLANG_ANALYZER_NUMBER_OBJECT_CONVERSION = YES_AGGRESSIVE;
				CLANG_CXX_LANGUAGE_STANDARD = "gnu++14";
				CLANG_CXX_LIBRARY = "libc++";
				CLANG_ENABLE_MODULES = YES;
				CLANG_ENABLE_OBJC_ARC = YES;
				CLANG_ENABLE_OBJC_WEAK = YES;
				CLANG_WARN_BLOCK_CAPTURE_AUTORELEASING = YES;
				CLANG_WARN_BOOL_CONVERSION = YES;
				CLANG_WARN_COMMA = YES;
				CLANG_WARN_CONSTANT_CONVERSION = YES;
				CLANG_WARN_DEPRECATED_OBJC_IMPLEMENTATIONS = YES;
				CLANG_WARN_DIRECT_OBJC_ISA_USAGE = YES_ERROR;
				CLANG_WARN_DOCUMENTATION_COMMENTS = YES;
				CLANG_WARN_EMPTY_BODY = YES;
				CLANG_WARN_ENUM_CONVERSION = YES;
				CLANG_WARN_INFINITE_RECURSION = YES;
				CLANG_WARN_INT_CONVERSION = YES;
				CLANG_WARN_NON_LITERAL_NULL_CONVERSION = YES;
				CLANG_WARN_OBJC_IMPLICIT_RETAIN_SELF = YES;
				CLANG_WARN_OBJC_LITERAL_CONVERSION = YES;
				CLANG_WARN_OBJC_ROOT_CLASS = YES_ERROR;
				CLANG_WARN_RANGE_LOOP_ANALYSIS = YES;
				CLANG_WARN_STRICT_PROTOTYPES = YES;
				CLANG_WARN_SUSPICIOUS_MOVE = YES;
				CLANG_WARN_UNGUARDED_AVAILABILITY = YES_AGGRESSIVE;
				CLANG_WARN_UNREACHABLE_CODE = YES;
				CLANG_WARN__DUPLICATE_METHOD_MATCH = YES;
				CODE_SIGN_IDENTITY = "-";
				COPY_PHASE_STRIP = NO;
				DEBUG_INFORMATION_FORMAT = "dwarf-with-dsym";
				ENABLE_NS_ASSERTIONS = NO;
				ENABLE_STRICT_OBJC_MSGSEND = YES;
				GCC_C_LANGUAGE_STANDARD = gnu11;
				GCC_NO_COMMON_BLOCKS = YES;
				GCC_WARN_64_TO_32_BIT_CONVERSION = YES;
				GCC_WARN_ABOUT_RETURN_TYPE = YES_ERROR;
				GCC_WARN_UNDECLARED_SELECTOR = YES;
				GCC_WARN_UNINITIALIZED_AUTOS = YES_AGGRESSIVE;
				GCC_WARN_UNUSED_FUNCTION = YES;
				GCC_WARN_UNUSED_VARIABLE = YES;
				MACOSX_DEPLOYMENT_TARGET = 10.13;
				MTL_ENABLE_DEBUG_INFO = NO;
				SDKROOT = macosx;
			};
			name = Release;
		};
		4B2B5D7220FE8B1B00F5B673 /* Debug */ = {
			isa = XCBuildConfiguration;
			buildSettings = {
				CLANG_CXX_LANGUAGE_STANDARD = "c++14";
				CODE_SIGN_STYLE = Automatic;
				PRODUCT_NAME = "$(TARGET_NAME)";
			};
			name = Debug;
		};
		4B2B5D7320FE8B1B00F5B673 /* Release */ = {
			isa = XCBuildConfiguration;
			buildSettings = {
				CLANG_CXX_LANGUAGE_STANDARD = "c++14";
				CODE_SIGN_STYLE = Automatic;
				PRODUCT_NAME = "$(TARGET_NAME)";
			};
			name = Release;
		};
/* End XCBuildConfiguration section */

/* Begin XCConfigurationList section */
		4B2B5D6520FE8B1B00F5B673 /* Build configuration list for PBXProject "CC3K" */ = {
			isa = XCConfigurationList;
			buildConfigurations = (
				4B2B5D6F20FE8B1B00F5B673 /* Debug */,
				4B2B5D7020FE8B1B00F5B673 /* Release */,
			);
			defaultConfigurationIsVisible = 0;
			defaultConfigurationName = Release;
		};
		4B2B5D7120FE8B1B00F5B673 /* Build configuration list for PBXNativeTarget "CC3K" */ = {
			isa = XCConfigurationList;
			buildConfigurations = (
				4B2B5D7220FE8B1B00F5B673 /* Debug */,
				4B2B5D7320FE8B1B00F5B673 /* Release */,
			);
			defaultConfigurationIsVisible = 0;
			defaultConfigurationName = Release;
		};
/* End XCConfigurationList section */
	};
	rootObject = 4B2B5D6220FE8B1B00F5B673 /* Project object */;
}
