// !$*UTF8*$!
{
	archiveVersion = 1;
	classes = {
	};
	objectVersion = 50;
	objects = {

/* Begin PBXBuildFile section */
		4B2B5D6E20FE8B1B00F5B673 /* main.cc in Sources */ = {isa = PBXBuildFile; fileRef = 4B2B5D6D20FE8B1B00F5B673 /* main.cc */; };
		4B2B5D7620FE968D00F5B673 /* grid.cc in Sources */ = {isa = PBXBuildFile; fileRef = 4B2B5D7420FE968D00F5B673 /* grid.cc */; };
		4B2B5D7920FE969A00F5B673 /* textdisplay.cc in Sources */ = {isa = PBXBuildFile; fileRef = 4B2B5D7720FE969A00F5B673 /* textdisplay.cc */; };
		4B2B5D7C20FE96C700F5B673 /* cell.cc in Sources */ = {isa = PBXBuildFile; fileRef = 4B2B5D7A20FE96C700F5B673 /* cell.cc */; };
		4B2B5D8120FEBA2200F5B673 /* floorcell.cc in Sources */ = {isa = PBXBuildFile; fileRef = 4B2B5D8020FEBA2200F5B673 /* floorcell.cc */; };
/* End PBXBuildFile section */

/* Begin PBXCopyFilesBuildPhase section */
		4B2B5D6820FE8B1B00F5B673 /* CopyFiles */ = {
			isa = PBXCopyFilesBuildPhase;
			buildActionMask = 2147483647;
			dstPath = /usr/share/man/man1/;
			dstSubfolderSpec = 0;
			files = (
			);
			runOnlyForDeploymentPostprocessing = 1;
		};
/* End PBXCopyFilesBuildPhase section */

/* Begin PBXFileReference section */
		4B2B5D6A20FE8B1B00F5B673 /* CC3K */ = {isa = PBXFileReference; explicitFileType = "compiled.mach-o.executable"; includeInIndex = 0; path = CC3K; sourceTree = BUILT_PRODUCTS_DIR; };
		4B2B5D6D20FE8B1B00F5B673 /* main.cc */ = {isa = PBXFileReference; lastKnownFileType = sourcecode.cpp.cpp; path = main.cc; sourceTree = "<group>"; };
		4B2B5D7420FE968D00F5B673 /* grid.cc */ = {isa = PBXFileReference; lastKnownFileType = sourcecode.cpp.cpp; path = grid.cc; sourceTree = "<group>"; };
		4B2B5D7520FE968D00F5B673 /* grid.h */ = {isa = PBXFileReference; lastKnownFileType = sourcecode.c.h; path = grid.h; sourceTree = "<group>"; };
		4B2B5D7720FE969A00F5B673 /* textdisplay.cc */ = {isa = PBXFileReference; lastKnownFileType = sourcecode.cpp.cpp; path = textdisplay.cc; sourceTree = "<group>"; };
		4B2B5D7820FE969A00F5B673 /* textdisplay.h */ = {isa = PBXFileReference; lastKnownFileType = sourcecode.c.h; path = textdisplay.h; sourceTree = "<group>"; };
		4B2B5D7A20FE96C700F5B673 /* cell.cc */ = {isa = PBXFileReference; lastKnownFileType = sourcecode.cpp.cpp; path = cell.cc; sourceTree = "<group>"; };
		4B2B5D7B20FE96C700F5B673 /* cell.h */ = {isa = PBXFileReference; lastKnownFileType = sourcecode.c.h; path = cell.h; sourceTree = "<group>"; };
		4B2B5D7D20FE9B6900F5B673 /* cc3k_emptyfloor.txt */ = {isa = PBXFileReference; lastKnownFileType = text; path = cc3k_emptyfloor.txt; sourceTree = "<group>"; };
		4B2B5D7E20FEBA2200F5B673 /* floorcell.h */ = {isa = PBXFileReference; fileEncoding = 4; lastKnownFileType = sourcecode.c.h; path = floorcell.h; sourceTree = "<group>"; };
		4B2B5D7F20FEBA2200F5B673 /* doorcell.h */ = {isa = PBXFileReference; fileEncoding = 4; lastKnownFileType = sourcecode.c.h; path = doorcell.h; sourceTree = "<group>"; };
		4B2B5D8020FEBA2200F5B673 /* floorcell.cc */ = {isa = PBXFileReference; fileEncoding = 4; lastKnownFileType = sourcecode.cpp.cpp; path = floorcell.cc; sourceTree = "<group>"; };
/* End PBXFileReference section */

/* Begin PBXFrameworksBuildPhase section */
		4B2B5D6720FE8B1B00F5B673 /* Frameworks */ = {
			isa = PBXFrameworksBuildPhase;
			buildActionMask = 2147483647;
			files = (
			);
			runOnlyForDeploymentPostprocessing = 0;
		};
/* End PBXFrameworksBuildPhase section */

/* Begin PBXGroup section */
		4B2B5D6120FE8B1B00F5B673 = {
			isa = PBXGroup;
			children = (
				4B2B5D6C20FE8B1B00F5B673 /* CC3K */,
				4B2B5D6B20FE8B1B00F5B673 /* Products */,
			);
			sourceTree = "<group>";
		};
		4B2B5D6B20FE8B1B00F5B673 /* Products */ = {
			isa = PBXGroup;
			children = (
				4B2B5D6A20FE8B1B00F5B673 /* CC3K */,
			);
			name = Products;
			sourceTree = "<group>";
		};
		4B2B5D6C20FE8B1B00F5B673 /* CC3K */ = {
			isa = PBXGroup;
			children = (
				4B2B5D7D20FE9B6900F5B673 /* cc3k_emptyfloor.txt */,
				4B2B5D6D20FE8B1B00F5B673 /* main.cc */,
				4B2B5D7420FE968D00F5B673 /* grid.cc */,
				4B2B5D7F20FEBA2200F5B673 /* doorcell.h */,
				4B2B5D8020FEBA2200F5B673 /* floorcell.cc */,
				4B2B5D7E20FEBA2200F5B673 /* floorcell.h */,
				4B2B5D7520FE968D00F5B673 /* grid.h */,
				4B2B5D7720FE969A00F5B673 /* textdisplay.cc */,
				4B2B5D7820FE969A00F5B673 /* textdisplay.h */,
				4B2B5D7A20FE96C700F5B673 /* cell.cc */,
				4B2B5D7B20FE96C700F5B673 /* cell.h */,
			);
			path = CC3K;
			sourceTree = "<group>";
		};
/* End PBXGroup section */

/* Begin PBXNativeTarget section */
		4B2B5D6920FE8B1B00F5B673 /* CC3K */ = {
			isa = PBXNativeTarget;
			buildConfigurationList = 4B2B5D7120FE8B1B00F5B673 /* Build configuration list for PBXNativeTarget "CC3K" */;
			buildPhases = (
				4B2B5D6620FE8B1B00F5B673 /* Sources */,
				4B2B5D6720FE8B1B00F5B673 /* Frameworks */,
				4B2B5D6820FE8B1B00F5B673 /* CopyFiles */,
			);
			buildRules = (
			);
			dependencies = (
			);
			name = CC3K;
			productName = CC3K;
			productReference = 4B2B5D6A20FE8B1B00F5B673 /* CC3K */;
			productType = "com.apple.product-type.tool";
		};
/* End PBXNativeTarget section */

/* Begin PBXProject section */
		4B2B5D6220FE8B1B00F5B673 /* Project object */ = {
			isa = PBXProject;
			attributes = {
				LastUpgradeCheck = 0940;
				ORGANIZATIONNAME = "Parshant Bhatia";
				TargetAttributes = {
					4B2B5D6920FE8B1B00F5B673 = {
						CreatedOnToolsVersion = 9.4.1;
					};
				};
			};
			buildConfigurationList = 4B2B5D6520FE8B1B00F5B673 /* Build configuration list for PBXProject "CC3K" */;
			compatibilityVersion = "Xcode 9.3";
			developmentRegion = en;
			hasScannedForEncodings = 0;
			knownRegions = (
				en,
			);
			mainGroup = 4B2B5D6120FE8B1B00F5B673;
			productRefGroup = 4B2B5D6B20FE8B1B00F5B673 /* Products */;
			projectDirPath = "";
			projectRoot = "";
			targets = (
				4B2B5D6920FE8B1B00F5B673 /* CC3K */,
			);
		};
/* End PBXProject section */

/* Begin PBXSourcesBuildPhase section */
		4B2B5D6620FE8B1B00F5B673 /* Sources */ = {
			isa = PBXSourcesBuildPhase;
			buildActionMask = 2147483647;
			files = (
				4B2B5D7920FE969A00F5B673 /* textdisplay.cc in Sources */,
				4B2B5D7C20FE96C700F5B673 /* cell.cc in Sources */,
				4B2B5D6E20FE8B1B00F5B673 /* main.cc in Sources */,
				4B2B5D7620FE968D00F5B673 /* grid.cc in Sources */,
				4B2B5D8120FEBA2200F5B673 /* floorcell.cc in Sources */,
			);
			runOnlyForDeploymentPostprocessing = 0;
		};
/* End PBXSourcesBuildPhase section */

/* Begin XCBuildConfiguration section */
		4B2B5D6F20FE8B1B00F5B673 /* Debug */ = {
			isa = XCBuildConfiguration;
			buildSettings = {
				ALWAYS_SEARCH_USER_PATHS = NO;
				CLANG_ANALYZER_NONNULL = YES;
				CLANG_ANALYZER_NUMBER_OBJECT_CONVERSION = YES_AGGRESSIVE;
				CLANG_CXX_LANGUAGE_STANDARD = "gnu++14";
				CLANG_CXX_LIBRARY = "libc++";
				CLANG_ENABLE_MODULES = YES;
				CLANG_ENABLE_OBJC_ARC = YES;
				CLANG_ENABLE_OBJC_WEAK = YES;
				CLANG_WARN_BLOCK_CAPTURE_AUTORELEASING = YES;
				CLANG_WARN_BOOL_CONVERSION = YES;
				CLANG_WARN_COMMA = YES;
				CLANG_WARN_CONSTANT_CONVERSION = YES;
				CLANG_WARN_DEPRECATED_OBJC_IMPLEMENTATIONS = YES;
				CLANG_WARN_DIRECT_OBJC_ISA_USAGE = YES_ERROR;
				CLANG_WARN_DOCUMENTATION_COMMENTS = YES;
				CLANG_WARN_EMPTY_BODY = YES;
				CLANG_WARN_ENUM_CONVERSION = YES;
				CLANG_WARN_INFINITE_RECURSION = YES;
				CLANG_WARN_INT_CONVERSION = YES;
				CLANG_WARN_NON_LITERAL_NULL_CONVERSION = YES;
				CLANG_WARN_OBJC_IMPLICIT_RETAIN_SELF = YES;
				CLANG_WARN_OBJC_LITERAL_CONVERSION = YES;
				CLANG_WARN_OBJC_ROOT_CLASS = YES_ERROR;
				CLANG_WARN_RANGE_LOOP_ANALYSIS = YES;
				CLANG_WARN_STRICT_PROTOTYPES = YES;
				CLANG_WARN_SUSPICIOUS_MOVE = YES;
				CLANG_WARN_UNGUARDED_AVAILABILITY = YES_AGGRESSIVE;
				CLANG_WARN_UNREACHABLE_CODE = YES;
				CLANG_WARN__DUPLICATE_METHOD_MATCH = YES;
				CODE_SIGN_IDENTITY = "-";
				COPY_PHASE_STRIP = NO;
				DEBUG_INFORMATION_FORMAT = dwarf;
				ENABLE_STRICT_OBJC_MSGSEND = YES;
				ENABLE_TESTABILITY = YES;
				GCC_C_LANGUAGE_STANDARD = gnu11;
				GCC_DYNAMIC_NO_PIC = NO;
				GCC_NO_COMMON_BLOCKS = YES;
				GCC_OPTIMIZATION_LEVEL = 0;
				GCC_PREPROCESSOR_DEFINITIONS = (
					"DEBUG=1",
					"$(inherited)",
				);
				GCC_WARN_64_TO_32_BIT_CONVERSION = YES;
				GCC_WARN_ABOUT_RETURN_TYPE = YES_ERROR;
				GCC_WARN_UNDECLARED_SELECTOR = YES;
				GCC_WARN_UNINITIALIZED_AUTOS = YES_AGGRESSIVE;
				GCC_WARN_UNUSED_FUNCTION = YES;
				GCC_WARN_UNUSED_VARIABLE = YES;
				MACOSX_DEPLOYMENT_TARGET = 10.13;
				MTL_ENABLE_DEBUG_INFO = YES;
				ONLY_ACTIVE_ARCH = YES;
				SDKROOT = macosx;
			};
			name = Debug;
		};
		4B2B5D7020FE8B1B00F5B673 /* Release */ = {
			isa = XCBuildConfiguration;
			buildSettings = {
				ALWAYS_SEARCH_USER_PATHS = NO;
				CLANG_ANALYZER_NONNULL = YES;
				CLANG_ANALYZER_NUMBER_OBJECT_CONVERSION = YES_AGGRESSIVE;
				CLANG_CXX_LANGUAGE_STANDARD = "gnu++14";
				CLANG_CXX_LIBRARY = "libc++";
				CLANG_ENABLE_MODULES = YES;
				CLANG_ENABLE_OBJC_ARC = YES;
				CLANG_ENABLE_OBJC_WEAK = YES;
				CLANG_WARN_BLOCK_CAPTURE_AUTORELEASING = YES;
				CLANG_WARN_BOOL_CONVERSION = YES;
				CLANG_WARN_COMMA = YES;
				CLANG_WARN_CONSTANT_CONVERSION = YES;
				CLANG_WARN_DEPRECATED_OBJC_IMPLEMENTATIONS = YES;
				CLANG_WARN_DIRECT_OBJC_ISA_USAGE = YES_ERROR;
				CLANG_WARN_DOCUMENTATION_COMMENTS = YES;
				CLANG_WARN_EMPTY_BODY = YES;
				CLANG_WARN_ENUM_CONVERSION = YES;
				CLANG_WARN_INFINITE_RECURSION = YES;
				CLANG_WARN_INT_CONVERSION = YES;
				CLANG_WARN_NON_LITERAL_NULL_CONVERSION = YES;
				CLANG_WARN_OBJC_IMPLICIT_RETAIN_SELF = YES;
				CLANG_WARN_OBJC_LITERAL_CONVERSION = YES;
				CLANG_WARN_OBJC_ROOT_CLASS = YES_ERROR;
				CLANG_WARN_RANGE_LOOP_ANALYSIS = YES;
				CLANG_WARN_STRICT_PROTOTYPES = YES;
				CLANG_WARN_SUSPICIOUS_MOVE = YES;
				CLANG_WARN_UNGUARDED_AVAILABILITY = YES_AGGRESSIVE;
				CLANG_WARN_UNREACHABLE_CODE = YES;
				CLANG_WARN__DUPLICATE_METHOD_MATCH = YES;
				CODE_SIGN_IDENTITY = "-";
				COPY_PHASE_STRIP = NO;
				DEBUG_INFORMATION_FORMAT = "dwarf-with-dsym";
				ENABLE_NS_ASSERTIONS = NO;
				ENABLE_STRICT_OBJC_MSGSEND = YES;
				GCC_C_LANGUAGE_STANDARD = gnu11;
				GCC_NO_COMMON_BLOCKS = YES;
				GCC_WARN_64_TO_32_BIT_CONVERSION = YES;
				GCC_WARN_ABOUT_RETURN_TYPE = YES_ERROR;
				GCC_WARN_UNDECLARED_SELECTOR = YES;
				GCC_WARN_UNINITIALIZED_AUTOS = YES_AGGRESSIVE;
				GCC_WARN_UNUSED_FUNCTION = YES;
				GCC_WARN_UNUSED_VARIABLE = YES;
				MACOSX_DEPLOYMENT_TARGET = 10.13;
				MTL_ENABLE_DEBUG_INFO = NO;
				SDKROOT = macosx;
			};
			name = Release;
		};
		4B2B5D7220FE8B1B00F5B673 /* Debug */ = {
			isa = XCBuildConfiguration;
			buildSettings = {
				CODE_SIGN_STYLE = Automatic;
				PRODUCT_NAME = "$(TARGET_NAME)";
			};
			name = Debug;
		};
		4B2B5D7320FE8B1B00F5B673 /* Release */ = {
			isa = XCBuildConfiguration;
			buildSettings = {
				CODE_SIGN_STYLE = Automatic;
				PRODUCT_NAME = "$(TARGET_NAME)";
			};
			name = Release;
		};
/* End XCBuildConfiguration section */

/* Begin XCConfigurationList section */
		4B2B5D6520FE8B1B00F5B673 /* Build configuration list for PBXProject "CC3K" */ = {
			isa = XCConfigurationList;
			buildConfigurations = (
				4B2B5D6F20FE8B1B00F5B673 /* Debug */,
				4B2B5D7020FE8B1B00F5B673 /* Release */,
			);
			defaultConfigurationIsVisible = 0;
			defaultConfigurationName = Release;
		};
		4B2B5D7120FE8B1B00F5B673 /* Build configuration list for PBXNativeTarget "CC3K" */ = {
			isa = XCConfigurationList;
			buildConfigurations = (
				4B2B5D7220FE8B1B00F5B673 /* Debug */,
				4B2B5D7320FE8B1B00F5B673 /* Release */,
			);
			defaultConfigurationIsVisible = 0;
			defaultConfigurationName = Release;
		};
/* End XCConfigurationList section */
	};
	rootObject = 4B2B5D6220FE8B1B00F5B673 /* Project object */;
}
